
Microsoft Visual Studio Solution File, Format Version 12.00
# Visual Studio Version 17
VisualStudioVersion = 17.11.35312.102
MinimumVisualStudioVersion = 10.0.40219.1
Project("{FAE04EC0-301F-11D3-BF4B-00C04F79EFBC}") = "Cotizador.Api", "Cotizador.Api.csproj", "{ED6AE4F7-8218-45CB-9A94-76ED1E4F1354}"
EndProject
Global
	GlobalSection(SolutionConfigurationPlatforms) = preSolution
		Debug|Any CPU = Debug|Any CPU
		Release|Any CPU = Release|Any CPU
	EndGlobalSection
	GlobalSection(ProjectConfigurationPlatforms) = postSolution
		{ED6AE4F7-8218-45CB-9A94-76ED1E4F1354}.Debug|Any CPU.ActiveCfg = Debug|Any CPU
		{ED6AE4F7-8218-45CB-9A94-76ED1E4F1354}.Debug|Any CPU.Build.0 = Debug|Any CPU
		{ED6AE4F7-8218-45CB-9A94-76ED1E4F1354}.Release|Any CPU.ActiveCfg = Release|Any CPU
		{ED6AE4F7-8218-45CB-9A94-76ED1E4F1354}.Release|Any CPU.Build.0 = Release|Any CPU
	EndGlobalSection
	GlobalSection(SolutionProperties) = preSolution
		HideSolutionNode = FALSE
	EndGlobalSection
	GlobalSection(ExtensibilityGlobals) = postSolution
		SolutionGuid = {71890683-0AD4-4C51-841F-2569268D74FE}
	EndGlobalSection
EndGlobal
